
Microsoft Visual Studio Solution File, Format Version 12.00
# Visual Studio Version 16
VisualStudioVersion = 16.0.30611.23
MinimumVisualStudioVersion = 10.0.40219.1
Project("{FAE04EC0-301F-11D3-BF4B-00C04F79EFBC}") = "PalindromOdev", "PalindromOdev\PalindromOdev.csproj", "{4742DF44-5D58-406C-9071-E7D869449404}"
EndProject
Global
	GlobalSection(SolutionConfigurationPlatforms) = preSolution
		Debug|Any CPU = Debug|Any CPU
		Release|Any CPU = Release|Any CPU
	EndGlobalSection
	GlobalSection(ProjectConfigurationPlatforms) = postSolution
		{4742DF44-5D58-406C-9071-E7D869449404}.Debug|Any CPU.ActiveCfg = Debug|Any CPU
		{4742DF44-5D58-406C-9071-E7D869449404}.Debug|Any CPU.Build.0 = Debug|Any CPU
		{4742DF44-5D58-406C-9071-E7D869449404}.Release|Any CPU.ActiveCfg = Release|Any CPU
		{4742DF44-5D58-406C-9071-E7D869449404}.Release|Any CPU.Build.0 = Release|Any CPU
	EndGlobalSection
	GlobalSection(SolutionProperties) = preSolution
		HideSolutionNode = FALSE
	EndGlobalSection
	GlobalSection(ExtensibilityGlobals) = postSolution
		SolutionGuid = {F70E9835-1BE3-41AC-9FF5-61C837B7481C}
	EndGlobalSection
EndGlobal
